// !$*UTF8*$!
{
	archiveVersion = 1;
	classes = {
	};
	objectVersion = 56;
	objects = {

/* Begin PBXBuildFile section */
		174B7F3C85FD7590A5DA28FE /* Pods_SafeArea.framework in Frameworks */ = {isa = PBXBuildFile; fileRef = 542256F46CC0CC56F7C7E930 /* Pods_SafeArea.framework */; };
		5E5361CC2A4048A700BEDD8D /* ChargingStationModel.swift in Sources */ = {isa = PBXBuildFile; fileRef = 5E5361CB2A4048A700BEDD8D /* ChargingStationModel.swift */; };
		5E5361CE2A4048CF00BEDD8D /* ZscodeData.swift in Sources */ = {isa = PBXBuildFile; fileRef = 5E5361CD2A4048CF00BEDD8D /* ZscodeData.swift */; };
		5E5361D12A404A4800BEDD8D /* ChargeDataManager.swift in Sources */ = {isa = PBXBuildFile; fileRef = 5E5361D02A404A4800BEDD8D /* ChargeDataManager.swift */; };
		5E5361D32A404A5800BEDD8D /* CoordinateToZscodeManager.swift in Sources */ = {isa = PBXBuildFile; fileRef = 5E5361D22A404A5800BEDD8D /* CoordinateToZscodeManager.swift */; };
		5E5361ED2A4091E900BEDD8D /* Secrets.plist in Resources */ = {isa = PBXBuildFile; fileRef = 5E5361EC2A4091E900BEDD8D /* Secrets.plist */; };
		5E5361EF2A40929F00BEDD8D /* LocationViewModel.swift in Sources */ = {isa = PBXBuildFile; fileRef = 5E5361EE2A40929F00BEDD8D /* LocationViewModel.swift */; };
		5E8362E72A47D4160098B526 /* OnboardingIndicator.swift in Sources */ = {isa = PBXBuildFile; fileRef = 5E8362E62A47D4160098B526 /* OnboardingIndicator.swift */; };
		5E84753C2A46C72B008A4BBF /* MarkerInfoView.swift in Sources */ = {isa = PBXBuildFile; fileRef = 5E84753B2A46C72B008A4BBF /* MarkerInfoView.swift */; };
		5E8D42DA2A418E16000987E1 /* ContentViewExtension.swift in Sources */ = {isa = PBXBuildFile; fileRef = 5E8D42D92A418E16000987E1 /* ContentViewExtension.swift */; };
		5E8D42F62A419499000987E1 /* MessageComposeView.swift in Sources */ = {isa = PBXBuildFile; fileRef = 5E8D42F52A419499000987E1 /* MessageComposeView.swift */; };
		5E8D42F82A41B8F7000987E1 /* GuidePageTabView.swift in Sources */ = {isa = PBXBuildFile; fileRef = 5E8D42F72A41B8F7000987E1 /* GuidePageTabView.swift */; };
		5E8D42FA2A41C081000987E1 /* GuideSelectButtonView.swift in Sources */ = {isa = PBXBuildFile; fileRef = 5E8D42F92A41C081000987E1 /* GuideSelectButtonView.swift */; };
		5EC0ADE02A47DC2A0035B571 /* OnboardingView.swift in Sources */ = {isa = PBXBuildFile; fileRef = 5EC0ADDF2A47DC2A0035B571 /* OnboardingView.swift */; };
		5EC0ADE82A47E94D0035B571 /* OnboardingButton.swift in Sources */ = {isa = PBXBuildFile; fileRef = 5EC0ADE72A47E94D0035B571 /* OnboardingButton.swift */; };
		5EC0ADEA2A47EE7F0035B571 /* MainApp.swift in Sources */ = {isa = PBXBuildFile; fileRef = 5EC0ADE92A47EE7F0035B571 /* MainApp.swift */; };
		5EFF36E22A41C33A004C768A /* GuideDetailView_1.swift in Sources */ = {isa = PBXBuildFile; fileRef = 5EFF36E12A41C33A004C768A /* GuideDetailView_1.swift */; };
		5EFF36E42A41C34A004C768A /* GuideDetailView_2.swift in Sources */ = {isa = PBXBuildFile; fileRef = 5EFF36E32A41C34A004C768A /* GuideDetailView_2.swift */; };
		5EFF36E62A41C355004C768A /* GuideDetailView_3.swift in Sources */ = {isa = PBXBuildFile; fileRef = 5EFF36E52A41C355004C768A /* GuideDetailView_3.swift */; };
		5EFF36E82A42D380004C768A /* MainMapTopView.swift in Sources */ = {isa = PBXBuildFile; fileRef = 5EFF36E72A42D380004C768A /* MainMapTopView.swift */; };
		5EFF36EA2A42E978004C768A /* MainMapTopDescriptionView_1.swift in Sources */ = {isa = PBXBuildFile; fileRef = 5EFF36E92A42E978004C768A /* MainMapTopDescriptionView_1.swift */; };
		5EFF36EC2A42E995004C768A /* MainMapTopDescriptionView_2.swift in Sources */ = {isa = PBXBuildFile; fileRef = 5EFF36EB2A42E995004C768A /* MainMapTopDescriptionView_2.swift */; };
		5EFF36EE2A42E9A8004C768A /* MainMapTopDescriptionView_3.swift in Sources */ = {isa = PBXBuildFile; fileRef = 5EFF36ED2A42E9A8004C768A /* MainMapTopDescriptionView_3.swift */; };
		5EFF36F02A42E9AD004C768A /* MainMapTopDescriptionView_4.swift in Sources */ = {isa = PBXBuildFile; fileRef = 5EFF36EF2A42E9AD004C768A /* MainMapTopDescriptionView_4.swift */; };
		5EFF36F42A42F800004C768A /* EmergencyButtonView.swift in Sources */ = {isa = PBXBuildFile; fileRef = 5EFF36F32A42F800004C768A /* EmergencyButtonView.swift */; };
		5EFF36F62A441BE6004C768A /* ChargingStationAnnotationModel.swift in Sources */ = {isa = PBXBuildFile; fileRef = 5EFF36F52A441BE6004C768A /* ChargingStationAnnotationModel.swift */; };
		7826DD222A4321D900DD0AF1 /* PlaceAnnotationView.swift in Sources */ = {isa = PBXBuildFile; fileRef = 7826DD212A4321D900DD0AF1 /* PlaceAnnotationView.swift */; };
		783A42D92A41E5C30060F2ED /* DBHelper.swift in Sources */ = {isa = PBXBuildFile; fileRef = 783A42D82A41E5C30060F2ED /* DBHelper.swift */; };
		783A42DB2A41E7C50060F2ED /* CheckListModel.swift in Sources */ = {isa = PBXBuildFile; fileRef = 783A42DA2A41E7C50060F2ED /* CheckListModel.swift */; };
		783C92B52A41741900646999 /* CustomBottomTabView.swift in Sources */ = {isa = PBXBuildFile; fileRef = 783C92B42A41741900646999 /* CustomBottomTabView.swift */; };
		783C92B72A41760300646999 /* RoundedCorner.swift in Sources */ = {isa = PBXBuildFile; fileRef = 783C92B62A41760300646999 /* RoundedCorner.swift */; };
		783C92B92A41870900646999 /* ColorExtension.swift in Sources */ = {isa = PBXBuildFile; fileRef = 783C92B82A41870900646999 /* ColorExtension.swift */; };
		783C92BF2A4190CE00646999 /* Pretendard-Bold.ttf in Resources */ = {isa = PBXBuildFile; fileRef = 783C92BA2A4190CD00646999 /* Pretendard-Bold.ttf */; };
		783C92C02A4190CE00646999 /* Pretendard-Regular.ttf in Resources */ = {isa = PBXBuildFile; fileRef = 783C92BB2A4190CE00646999 /* Pretendard-Regular.ttf */; };
		783C92C12A4190CE00646999 /* Pretendard-SemiBold.ttf in Resources */ = {isa = PBXBuildFile; fileRef = 783C92BC2A4190CE00646999 /* Pretendard-SemiBold.ttf */; };
		783C92C22A4190CE00646999 /* Pretendard-Medium.ttf in Resources */ = {isa = PBXBuildFile; fileRef = 783C92BD2A4190CE00646999 /* Pretendard-Medium.ttf */; };
		783C92C32A4190CE00646999 /* Pretendard-Light.ttf in Resources */ = {isa = PBXBuildFile; fileRef = 783C92BE2A4190CE00646999 /* Pretendard-Light.ttf */; };
		783C92C52A4190E900646999 /* FontExtension.swift in Sources */ = {isa = PBXBuildFile; fileRef = 783C92C42A4190E900646999 /* FontExtension.swift */; };
		783C92C72A419FF500646999 /* MainMapView.swift in Sources */ = {isa = PBXBuildFile; fileRef = 783C92C62A419FF500646999 /* MainMapView.swift */; };
		783C92C92A419FFF00646999 /* MainGuideView.swift in Sources */ = {isa = PBXBuildFile; fileRef = 783C92C82A419FFF00646999 /* MainGuideView.swift */; };
		783C92CB2A41A00800646999 /* MainCheckListView.swift in Sources */ = {isa = PBXBuildFile; fileRef = 783C92CA2A41A00800646999 /* MainCheckListView.swift */; };
		783C92CD2A41B7E900646999 /* PretendardTextModifier.swift in Sources */ = {isa = PBXBuildFile; fileRef = 783C92CC2A41B7E900646999 /* PretendardTextModifier.swift */; };
		783C92CF2A41CF4C00646999 /* CheckboxStyle.swift in Sources */ = {isa = PBXBuildFile; fileRef = 783C92CE2A41CF4C00646999 /* CheckboxStyle.swift */; };
		783C92D52A41CFF400646999 /* WeekStore.swift in Sources */ = {isa = PBXBuildFile; fileRef = 783C92D42A41CFF400646999 /* WeekStore.swift */; };
		783C92D72A41D02C00646999 /* CustomWeekHeader.swift in Sources */ = {isa = PBXBuildFile; fileRef = 783C92D62A41D02C00646999 /* CustomWeekHeader.swift */; };
		786046242A404AB7007897B3 /* BundleExtension.swift in Sources */ = {isa = PBXBuildFile; fileRef = 786046232A404AB7007897B3 /* BundleExtension.swift */; };
		786C24052A403BAC002E3F23 /* SafeAreaApp.swift in Sources */ = {isa = PBXBuildFile; fileRef = 786C24042A403BAC002E3F23 /* SafeAreaApp.swift */; };
		786C24072A403BAC002E3F23 /* ContentView.swift in Sources */ = {isa = PBXBuildFile; fileRef = 786C24062A403BAC002E3F23 /* ContentView.swift */; };
		786C24092A403BAD002E3F23 /* Assets.xcassets in Resources */ = {isa = PBXBuildFile; fileRef = 786C24082A403BAD002E3F23 /* Assets.xcassets */; };
		786C240C2A403BAD002E3F23 /* Preview Assets.xcassets in Resources */ = {isa = PBXBuildFile; fileRef = 786C240B2A403BAD002E3F23 /* Preview Assets.xcassets */; };
		787C7BD12A409C080094A4A5 /* MapView.swift in Sources */ = {isa = PBXBuildFile; fileRef = 787C7BD02A409C080094A4A5 /* MapView.swift */; };
		788388EC2A4B06C80071855C /* RegionWrapper.swift in Sources */ = {isa = PBXBuildFile; fileRef = 788388EB2A4B06C80071855C /* RegionWrapper.swift */; };
		78E0C5E52A446F2400A91AB1 /* swiftui-bottom-sheet-drawer in Frameworks */ = {isa = PBXBuildFile; productRef = 78E0C5E42A446F2400A91AB1 /* swiftui-bottom-sheet-drawer */; };
		78ED04E52A4073D5009FD225 /* ViewExtension.swift in Sources */ = {isa = PBXBuildFile; fileRef = 78ED04E42A4073D5009FD225 /* ViewExtension.swift */; };
		78ED04ED2A40848D009FD225 /* Weather.swift in Sources */ = {isa = PBXBuildFile; fileRef = 78ED04EC2A40848D009FD225 /* Weather.swift */; };
/* End PBXBuildFile section */

/* Begin PBXFileReference section */
		282F5508BCF950633DFCBC2F /* Pods-SafeArea.debug.xcconfig */ = {isa = PBXFileReference; includeInIndex = 1; lastKnownFileType = text.xcconfig; name = "Pods-SafeArea.debug.xcconfig"; path = "Target Support Files/Pods-SafeArea/Pods-SafeArea.debug.xcconfig"; sourceTree = "<group>"; };
		542256F46CC0CC56F7C7E930 /* Pods_SafeArea.framework */ = {isa = PBXFileReference; explicitFileType = wrapper.framework; includeInIndex = 0; path = Pods_SafeArea.framework; sourceTree = BUILT_PRODUCTS_DIR; };
		5E5361CB2A4048A700BEDD8D /* ChargingStationModel.swift */ = {isa = PBXFileReference; lastKnownFileType = sourcecode.swift; path = ChargingStationModel.swift; sourceTree = "<group>"; };
		5E5361CD2A4048CF00BEDD8D /* ZscodeData.swift */ = {isa = PBXFileReference; lastKnownFileType = sourcecode.swift; path = ZscodeData.swift; sourceTree = "<group>"; };
		5E5361D02A404A4800BEDD8D /* ChargeDataManager.swift */ = {isa = PBXFileReference; lastKnownFileType = sourcecode.swift; path = ChargeDataManager.swift; sourceTree = "<group>"; };
		5E5361D22A404A5800BEDD8D /* CoordinateToZscodeManager.swift */ = {isa = PBXFileReference; lastKnownFileType = sourcecode.swift; path = CoordinateToZscodeManager.swift; sourceTree = "<group>"; };
		5E5361EC2A4091E900BEDD8D /* Secrets.plist */ = {isa = PBXFileReference; fileEncoding = 4; lastKnownFileType = text.plist.xml; path = Secrets.plist; sourceTree = "<group>"; };
		5E5361EE2A40929F00BEDD8D /* LocationViewModel.swift */ = {isa = PBXFileReference; lastKnownFileType = sourcecode.swift; path = LocationViewModel.swift; sourceTree = "<group>"; };
		5E8362E62A47D4160098B526 /* OnboardingIndicator.swift */ = {isa = PBXFileReference; lastKnownFileType = sourcecode.swift; path = OnboardingIndicator.swift; sourceTree = "<group>"; };
		5E84753B2A46C72B008A4BBF /* MarkerInfoView.swift */ = {isa = PBXFileReference; lastKnownFileType = sourcecode.swift; path = MarkerInfoView.swift; sourceTree = "<group>"; };
		5E8D42D92A418E16000987E1 /* ContentViewExtension.swift */ = {isa = PBXFileReference; lastKnownFileType = sourcecode.swift; path = ContentViewExtension.swift; sourceTree = "<group>"; };
		5E8D42F52A419499000987E1 /* MessageComposeView.swift */ = {isa = PBXFileReference; lastKnownFileType = sourcecode.swift; path = MessageComposeView.swift; sourceTree = "<group>"; };
		5E8D42F72A41B8F7000987E1 /* GuidePageTabView.swift */ = {isa = PBXFileReference; lastKnownFileType = sourcecode.swift; path = GuidePageTabView.swift; sourceTree = "<group>"; };
		5E8D42F92A41C081000987E1 /* GuideSelectButtonView.swift */ = {isa = PBXFileReference; lastKnownFileType = sourcecode.swift; path = GuideSelectButtonView.swift; sourceTree = "<group>"; };
		5EC0ADDF2A47DC2A0035B571 /* OnboardingView.swift */ = {isa = PBXFileReference; lastKnownFileType = sourcecode.swift; path = OnboardingView.swift; sourceTree = "<group>"; };
		5EC0ADE72A47E94D0035B571 /* OnboardingButton.swift */ = {isa = PBXFileReference; lastKnownFileType = sourcecode.swift; path = OnboardingButton.swift; sourceTree = "<group>"; };
		5EC0ADE92A47EE7F0035B571 /* MainApp.swift */ = {isa = PBXFileReference; lastKnownFileType = sourcecode.swift; path = MainApp.swift; sourceTree = "<group>"; };
		5EFF36E12A41C33A004C768A /* GuideDetailView_1.swift */ = {isa = PBXFileReference; lastKnownFileType = sourcecode.swift; path = GuideDetailView_1.swift; sourceTree = "<group>"; };
		5EFF36E32A41C34A004C768A /* GuideDetailView_2.swift */ = {isa = PBXFileReference; lastKnownFileType = sourcecode.swift; path = GuideDetailView_2.swift; sourceTree = "<group>"; };
		5EFF36E52A41C355004C768A /* GuideDetailView_3.swift */ = {isa = PBXFileReference; lastKnownFileType = sourcecode.swift; path = GuideDetailView_3.swift; sourceTree = "<group>"; };
		5EFF36E72A42D380004C768A /* MainMapTopView.swift */ = {isa = PBXFileReference; lastKnownFileType = sourcecode.swift; path = MainMapTopView.swift; sourceTree = "<group>"; };
		5EFF36E92A42E978004C768A /* MainMapTopDescriptionView_1.swift */ = {isa = PBXFileReference; lastKnownFileType = sourcecode.swift; path = MainMapTopDescriptionView_1.swift; sourceTree = "<group>"; };
		5EFF36EB2A42E995004C768A /* MainMapTopDescriptionView_2.swift */ = {isa = PBXFileReference; lastKnownFileType = sourcecode.swift; path = MainMapTopDescriptionView_2.swift; sourceTree = "<group>"; };
		5EFF36ED2A42E9A8004C768A /* MainMapTopDescriptionView_3.swift */ = {isa = PBXFileReference; lastKnownFileType = sourcecode.swift; path = MainMapTopDescriptionView_3.swift; sourceTree = "<group>"; };
		5EFF36EF2A42E9AD004C768A /* MainMapTopDescriptionView_4.swift */ = {isa = PBXFileReference; lastKnownFileType = sourcecode.swift; path = MainMapTopDescriptionView_4.swift; sourceTree = "<group>"; };
		5EFF36F32A42F800004C768A /* EmergencyButtonView.swift */ = {isa = PBXFileReference; lastKnownFileType = sourcecode.swift; path = EmergencyButtonView.swift; sourceTree = "<group>"; };
		5EFF36F52A441BE6004C768A /* ChargingStationAnnotationModel.swift */ = {isa = PBXFileReference; lastKnownFileType = sourcecode.swift; path = ChargingStationAnnotationModel.swift; sourceTree = "<group>"; };
		695352883E3F02E1DAC44F26 /* Pods-SafeArea.release.xcconfig */ = {isa = PBXFileReference; includeInIndex = 1; lastKnownFileType = text.xcconfig; name = "Pods-SafeArea.release.xcconfig"; path = "Target Support Files/Pods-SafeArea/Pods-SafeArea.release.xcconfig"; sourceTree = "<group>"; };
		7826DD212A4321D900DD0AF1 /* PlaceAnnotationView.swift */ = {isa = PBXFileReference; lastKnownFileType = sourcecode.swift; path = PlaceAnnotationView.swift; sourceTree = "<group>"; };
		783A42D82A41E5C30060F2ED /* DBHelper.swift */ = {isa = PBXFileReference; lastKnownFileType = sourcecode.swift; path = DBHelper.swift; sourceTree = "<group>"; };
		783A42DA2A41E7C50060F2ED /* CheckListModel.swift */ = {isa = PBXFileReference; lastKnownFileType = sourcecode.swift; path = CheckListModel.swift; sourceTree = "<group>"; };
		783C92B42A41741900646999 /* CustomBottomTabView.swift */ = {isa = PBXFileReference; lastKnownFileType = sourcecode.swift; path = CustomBottomTabView.swift; sourceTree = "<group>"; };
		783C92B62A41760300646999 /* RoundedCorner.swift */ = {isa = PBXFileReference; lastKnownFileType = sourcecode.swift; path = RoundedCorner.swift; sourceTree = "<group>"; };
		783C92B82A41870900646999 /* ColorExtension.swift */ = {isa = PBXFileReference; lastKnownFileType = sourcecode.swift; path = ColorExtension.swift; sourceTree = "<group>"; };
		783C92BA2A4190CD00646999 /* Pretendard-Bold.ttf */ = {isa = PBXFileReference; lastKnownFileType = file; path = "Pretendard-Bold.ttf"; sourceTree = "<group>"; };
		783C92BB2A4190CE00646999 /* Pretendard-Regular.ttf */ = {isa = PBXFileReference; lastKnownFileType = file; path = "Pretendard-Regular.ttf"; sourceTree = "<group>"; };
		783C92BC2A4190CE00646999 /* Pretendard-SemiBold.ttf */ = {isa = PBXFileReference; lastKnownFileType = file; path = "Pretendard-SemiBold.ttf"; sourceTree = "<group>"; };
		783C92BD2A4190CE00646999 /* Pretendard-Medium.ttf */ = {isa = PBXFileReference; lastKnownFileType = file; path = "Pretendard-Medium.ttf"; sourceTree = "<group>"; };
		783C92BE2A4190CE00646999 /* Pretendard-Light.ttf */ = {isa = PBXFileReference; lastKnownFileType = file; path = "Pretendard-Light.ttf"; sourceTree = "<group>"; };
		783C92C42A4190E900646999 /* FontExtension.swift */ = {isa = PBXFileReference; lastKnownFileType = sourcecode.swift; path = FontExtension.swift; sourceTree = "<group>"; };
		783C92C62A419FF500646999 /* MainMapView.swift */ = {isa = PBXFileReference; lastKnownFileType = sourcecode.swift; path = MainMapView.swift; sourceTree = "<group>"; };
		783C92C82A419FFF00646999 /* MainGuideView.swift */ = {isa = PBXFileReference; lastKnownFileType = sourcecode.swift; path = MainGuideView.swift; sourceTree = "<group>"; };
		783C92CA2A41A00800646999 /* MainCheckListView.swift */ = {isa = PBXFileReference; lastKnownFileType = sourcecode.swift; path = MainCheckListView.swift; sourceTree = "<group>"; };
		783C92CC2A41B7E900646999 /* PretendardTextModifier.swift */ = {isa = PBXFileReference; lastKnownFileType = sourcecode.swift; path = PretendardTextModifier.swift; sourceTree = "<group>"; };
		783C92CE2A41CF4C00646999 /* CheckboxStyle.swift */ = {isa = PBXFileReference; lastKnownFileType = sourcecode.swift; path = CheckboxStyle.swift; sourceTree = "<group>"; };
		783C92D42A41CFF400646999 /* WeekStore.swift */ = {isa = PBXFileReference; lastKnownFileType = sourcecode.swift; path = WeekStore.swift; sourceTree = "<group>"; };
		783C92D62A41D02C00646999 /* CustomWeekHeader.swift */ = {isa = PBXFileReference; lastKnownFileType = sourcecode.swift; path = CustomWeekHeader.swift; sourceTree = "<group>"; };
		786046232A404AB7007897B3 /* BundleExtension.swift */ = {isa = PBXFileReference; lastKnownFileType = sourcecode.swift; path = BundleExtension.swift; sourceTree = "<group>"; };
		786C24012A403BAC002E3F23 /* SafeArea.app */ = {isa = PBXFileReference; explicitFileType = wrapper.application; includeInIndex = 0; path = SafeArea.app; sourceTree = BUILT_PRODUCTS_DIR; };
		786C24042A403BAC002E3F23 /* SafeAreaApp.swift */ = {isa = PBXFileReference; lastKnownFileType = sourcecode.swift; path = SafeAreaApp.swift; sourceTree = "<group>"; };
		786C24062A403BAC002E3F23 /* ContentView.swift */ = {isa = PBXFileReference; lastKnownFileType = sourcecode.swift; path = ContentView.swift; sourceTree = "<group>"; };
		786C24082A403BAD002E3F23 /* Assets.xcassets */ = {isa = PBXFileReference; lastKnownFileType = folder.assetcatalog; path = Assets.xcassets; sourceTree = "<group>"; };
		786C240B2A403BAD002E3F23 /* Preview Assets.xcassets */ = {isa = PBXFileReference; lastKnownFileType = folder.assetcatalog; path = "Preview Assets.xcassets"; sourceTree = "<group>"; };
		787C7BD02A409C080094A4A5 /* MapView.swift */ = {isa = PBXFileReference; lastKnownFileType = sourcecode.swift; path = MapView.swift; sourceTree = "<group>"; };
		788388EB2A4B06C80071855C /* RegionWrapper.swift */ = {isa = PBXFileReference; lastKnownFileType = sourcecode.swift; path = RegionWrapper.swift; sourceTree = "<group>"; };
		78ED04E12A406858009FD225 /* Info.plist */ = {isa = PBXFileReference; lastKnownFileType = text.plist; path = Info.plist; sourceTree = "<group>"; };
		78ED04E42A4073D5009FD225 /* ViewExtension.swift */ = {isa = PBXFileReference; lastKnownFileType = sourcecode.swift; path = ViewExtension.swift; sourceTree = "<group>"; };
		78ED04EC2A40848D009FD225 /* Weather.swift */ = {isa = PBXFileReference; lastKnownFileType = sourcecode.swift; path = Weather.swift; sourceTree = "<group>"; };
/* End PBXFileReference section */

/* Begin PBXFrameworksBuildPhase section */
		786C23FE2A403BAC002E3F23 /* Frameworks */ = {
			isa = PBXFrameworksBuildPhase;
			buildActionMask = 2147483647;
			files = (
				78E0C5E52A446F2400A91AB1 /* swiftui-bottom-sheet-drawer in Frameworks */,
				174B7F3C85FD7590A5DA28FE /* Pods_SafeArea.framework in Frameworks */,
			);
			runOnlyForDeploymentPostprocessing = 0;
		};
/* End PBXFrameworksBuildPhase section */

/* Begin PBXGroup section */
		1FF7CDAAA75A94AB191250F2 /* Frameworks */ = {
			isa = PBXGroup;
			children = (
				542256F46CC0CC56F7C7E930 /* Pods_SafeArea.framework */,
			);
			name = Frameworks;
			sourceTree = "<group>";
		};
		3E55DB00982423669957A6FF /* Pods */ = {
			isa = PBXGroup;
			children = (
				282F5508BCF950633DFCBC2F /* Pods-SafeArea.debug.xcconfig */,
				695352883E3F02E1DAC44F26 /* Pods-SafeArea.release.xcconfig */,
			);
			path = Pods;
			sourceTree = "<group>";
		};
		5E5361B82A40444200BEDD8D /* App */ = {
			isa = PBXGroup;
			children = (
				786C24042A403BAC002E3F23 /* SafeAreaApp.swift */,
				786C24062A403BAC002E3F23 /* ContentView.swift */,
				5EC0ADE92A47EE7F0035B571 /* MainApp.swift */,
				5EC0ADDF2A47DC2A0035B571 /* OnboardingView.swift */,
				787C7BD02A409C080094A4A5 /* MapView.swift */,
				783C92C62A419FF500646999 /* MainMapView.swift */,
				783C92C82A419FFF00646999 /* MainGuideView.swift */,
				783C92CA2A41A00800646999 /* MainCheckListView.swift */,
			);
			path = App;
			sourceTree = "<group>";
		};
		5E5361B92A40444800BEDD8D /* Global */ = {
			isa = PBXGroup;
			children = (
				5E5361CF2A404A3100BEDD8D /* Helper */,
				5E5361BC2A4044F500BEDD8D /* Extension */,
				5E5361BB2A4044E300BEDD8D /* View */,
				5E5361BA2A4044CF00BEDD8D /* Modifier */,
			);
			path = Global;
			sourceTree = "<group>";
		};
		5E5361BA2A4044CF00BEDD8D /* Modifier */ = {
			isa = PBXGroup;
			children = (
				783C92CC2A41B7E900646999 /* PretendardTextModifier.swift */,
				783C92CE2A41CF4C00646999 /* CheckboxStyle.swift */,
			);
			path = Modifier;
			sourceTree = "<group>";
		};
		5E5361BB2A4044E300BEDD8D /* View */ = {
			isa = PBXGroup;
			children = (
				783C92B42A41741900646999 /* CustomBottomTabView.swift */,
				783C92B62A41760300646999 /* RoundedCorner.swift */,
				783C92D62A41D02C00646999 /* CustomWeekHeader.swift */,
				5E8D42F72A41B8F7000987E1 /* GuidePageTabView.swift */,
				5E8D42F92A41C081000987E1 /* GuideSelectButtonView.swift */,
				5EFF36E12A41C33A004C768A /* GuideDetailView_1.swift */,
				5EFF36E32A41C34A004C768A /* GuideDetailView_2.swift */,
				5EFF36E52A41C355004C768A /* GuideDetailView_3.swift */,
				5EFF36E72A42D380004C768A /* MainMapTopView.swift */,
				5EFF36E92A42E978004C768A /* MainMapTopDescriptionView_1.swift */,
				5EFF36EB2A42E995004C768A /* MainMapTopDescriptionView_2.swift */,
				5EFF36ED2A42E9A8004C768A /* MainMapTopDescriptionView_3.swift */,
				5EFF36EF2A42E9AD004C768A /* MainMapTopDescriptionView_4.swift */,
				5EFF36F32A42F800004C768A /* EmergencyButtonView.swift */,
				7826DD212A4321D900DD0AF1 /* PlaceAnnotationView.swift */,
				5E84753B2A46C72B008A4BBF /* MarkerInfoView.swift */,
				5E8362E62A47D4160098B526 /* OnboardingIndicator.swift */,
				5EC0ADE72A47E94D0035B571 /* OnboardingButton.swift */,
			);
			path = View;
			sourceTree = "<group>";
		};
		5E5361BC2A4044F500BEDD8D /* Extension */ = {
			isa = PBXGroup;
			children = (
				786046232A404AB7007897B3 /* BundleExtension.swift */,
				78ED04E42A4073D5009FD225 /* ViewExtension.swift */,
				5E8D42D92A418E16000987E1 /* ContentViewExtension.swift */,
				783C92B82A41870900646999 /* ColorExtension.swift */,
				783C92C42A4190E900646999 /* FontExtension.swift */,
			);
			path = Extension;
			sourceTree = "<group>";
		};
		5E5361BD2A40450100BEDD8D /* Resources */ = {
			isa = PBXGroup;
			children = (
				5E5361BE2A40451100BEDD8D /* Fonts */,
				786C24082A403BAD002E3F23 /* Assets.xcassets */,
				5E5361EC2A4091E900BEDD8D /* Secrets.plist */,
			);
			path = Resources;
			sourceTree = "<group>";
		};
		5E5361BE2A40451100BEDD8D /* Fonts */ = {
			isa = PBXGroup;
			children = (
				783C92BA2A4190CD00646999 /* Pretendard-Bold.ttf */,
				783C92BE2A4190CE00646999 /* Pretendard-Light.ttf */,
				783C92BD2A4190CE00646999 /* Pretendard-Medium.ttf */,
				783C92BB2A4190CE00646999 /* Pretendard-Regular.ttf */,
				783C92BC2A4190CE00646999 /* Pretendard-SemiBold.ttf */,
			);
			path = Fonts;
			sourceTree = "<group>";
		};
		5E5361BF2A40451D00BEDD8D /* Model */ = {
			isa = PBXGroup;
			children = (
				5E5361CB2A4048A700BEDD8D /* ChargingStationModel.swift */,
				5EFF36F52A441BE6004C768A /* ChargingStationAnnotationModel.swift */,
				5E5361CD2A4048CF00BEDD8D /* ZscodeData.swift */,
				78ED04EC2A40848D009FD225 /* Weather.swift */,
				5E5361EE2A40929F00BEDD8D /* LocationViewModel.swift */,
				783C92D42A41CFF400646999 /* WeekStore.swift */,
				783A42DA2A41E7C50060F2ED /* CheckListModel.swift */,
			);
			path = Model;
			sourceTree = "<group>";
		};
		5E5361CF2A404A3100BEDD8D /* Helper */ = {
			isa = PBXGroup;
			children = (
				5E5361D02A404A4800BEDD8D /* ChargeDataManager.swift */,
				5E8D42F52A419499000987E1 /* MessageComposeView.swift */,
				5E5361D22A404A5800BEDD8D /* CoordinateToZscodeManager.swift */,
				783A42D82A41E5C30060F2ED /* DBHelper.swift */,
				788388EB2A4B06C80071855C /* RegionWrapper.swift */,
			);
			path = Helper;
			sourceTree = "<group>";
		};
		786C23F82A403BAC002E3F23 = {
			isa = PBXGroup;
			children = (
				786C24032A403BAC002E3F23 /* SafeArea */,
				786C24022A403BAC002E3F23 /* Products */,
				3E55DB00982423669957A6FF /* Pods */,
				1FF7CDAAA75A94AB191250F2 /* Frameworks */,
			);
			sourceTree = "<group>";
		};
		786C24022A403BAC002E3F23 /* Products */ = {
			isa = PBXGroup;
			children = (
				786C24012A403BAC002E3F23 /* SafeArea.app */,
			);
			name = Products;
			sourceTree = "<group>";
		};
		786C24032A403BAC002E3F23 /* SafeArea */ = {
			isa = PBXGroup;
			children = (
				78ED04E12A406858009FD225 /* Info.plist */,
				5E5361BF2A40451D00BEDD8D /* Model */,
				5E5361BD2A40450100BEDD8D /* Resources */,
				5E5361B92A40444800BEDD8D /* Global */,
				5E5361B82A40444200BEDD8D /* App */,
				786C240A2A403BAD002E3F23 /* Preview Content */,
			);
			path = SafeArea;
			sourceTree = "<group>";
		};
		786C240A2A403BAD002E3F23 /* Preview Content */ = {
			isa = PBXGroup;
			children = (
				786C240B2A403BAD002E3F23 /* Preview Assets.xcassets */,
			);
			path = "Preview Content";
			sourceTree = "<group>";
		};
/* End PBXGroup section */

/* Begin PBXNativeTarget section */
		786C24002A403BAC002E3F23 /* SafeArea */ = {
			isa = PBXNativeTarget;
			buildConfigurationList = 786C240F2A403BAD002E3F23 /* Build configuration list for PBXNativeTarget "SafeArea" */;
			buildPhases = (
				6A4392343996226F133982DD /* [CP] Check Pods Manifest.lock */,
				786C23FD2A403BAC002E3F23 /* Sources */,
				786C23FE2A403BAC002E3F23 /* Frameworks */,
				786C23FF2A403BAC002E3F23 /* Resources */,
				A707506F26EF6CDB447BBEBE /* [CP] Embed Pods Frameworks */,
			);
			buildRules = (
			);
			dependencies = (
			);
			name = SafeArea;
			packageProductDependencies = (
				78E0C5E42A446F2400A91AB1 /* swiftui-bottom-sheet-drawer */,
			);
			productName = SafeArea;
			productReference = 786C24012A403BAC002E3F23 /* SafeArea.app */;
			productType = "com.apple.product-type.application";
		};
/* End PBXNativeTarget section */

/* Begin PBXProject section */
		786C23F92A403BAC002E3F23 /* Project object */ = {
			isa = PBXProject;
			attributes = {
				BuildIndependentTargetsInParallel = 1;
				LastSwiftUpdateCheck = 1430;
				LastUpgradeCheck = 1430;
				TargetAttributes = {
					786C24002A403BAC002E3F23 = {
						CreatedOnToolsVersion = 14.3.1;
					};
				};
			};
			buildConfigurationList = 786C23FC2A403BAC002E3F23 /* Build configuration list for PBXProject "SafeArea" */;
			compatibilityVersion = "Xcode 14.0";
			developmentRegion = en;
			hasScannedForEncodings = 0;
			knownRegions = (
				en,
				Base,
			);
			mainGroup = 786C23F82A403BAC002E3F23;
			packageReferences = (
				78E0C5E32A446F2400A91AB1 /* XCRemoteSwiftPackageReference "swiftui-bottom-sheet-drawer" */,
			);
			productRefGroup = 786C24022A403BAC002E3F23 /* Products */;
			projectDirPath = "";
			projectRoot = "";
			targets = (
				786C24002A403BAC002E3F23 /* SafeArea */,
			);
		};
/* End PBXProject section */

/* Begin PBXResourcesBuildPhase section */
		786C23FF2A403BAC002E3F23 /* Resources */ = {
			isa = PBXResourcesBuildPhase;
			buildActionMask = 2147483647;
			files = (
				783C92C12A4190CE00646999 /* Pretendard-SemiBold.ttf in Resources */,
				786C240C2A403BAD002E3F23 /* Preview Assets.xcassets in Resources */,
				5E5361ED2A4091E900BEDD8D /* Secrets.plist in Resources */,
				783C92C02A4190CE00646999 /* Pretendard-Regular.ttf in Resources */,
				783C92BF2A4190CE00646999 /* Pretendard-Bold.ttf in Resources */,
				783C92C22A4190CE00646999 /* Pretendard-Medium.ttf in Resources */,
				783C92C32A4190CE00646999 /* Pretendard-Light.ttf in Resources */,
				786C24092A403BAD002E3F23 /* Assets.xcassets in Resources */,
			);
			runOnlyForDeploymentPostprocessing = 0;
		};
/* End PBXResourcesBuildPhase section */

/* Begin PBXShellScriptBuildPhase section */
		6A4392343996226F133982DD /* [CP] Check Pods Manifest.lock */ = {
			isa = PBXShellScriptBuildPhase;
			buildActionMask = 2147483647;
			files = (
			);
			inputFileListPaths = (
			);
			inputPaths = (
				"${PODS_PODFILE_DIR_PATH}/Podfile.lock",
				"${PODS_ROOT}/Manifest.lock",
			);
			name = "[CP] Check Pods Manifest.lock";
			outputFileListPaths = (
			);
			outputPaths = (
				"$(DERIVED_FILE_DIR)/Pods-SafeArea-checkManifestLockResult.txt",
			);
			runOnlyForDeploymentPostprocessing = 0;
			shellPath = /bin/sh;
			shellScript = "diff \"${PODS_PODFILE_DIR_PATH}/Podfile.lock\" \"${PODS_ROOT}/Manifest.lock\" > /dev/null\nif [ $? != 0 ] ; then\n    # print error to STDERR\n    echo \"error: The sandbox is not in sync with the Podfile.lock. Run 'pod install' or update your CocoaPods installation.\" >&2\n    exit 1\nfi\n# This output is used by Xcode 'outputs' to avoid re-running this script phase.\necho \"SUCCESS\" > \"${SCRIPT_OUTPUT_FILE_0}\"\n";
			showEnvVarsInLog = 0;
		};
		A707506F26EF6CDB447BBEBE /* [CP] Embed Pods Frameworks */ = {
			isa = PBXShellScriptBuildPhase;
			buildActionMask = 2147483647;
			files = (
			);
			inputFileListPaths = (
				"${PODS_ROOT}/Target Support Files/Pods-SafeArea/Pods-SafeArea-frameworks-${CONFIGURATION}-input-files.xcfilelist",
			);
			name = "[CP] Embed Pods Frameworks";
			outputFileListPaths = (
				"${PODS_ROOT}/Target Support Files/Pods-SafeArea/Pods-SafeArea-frameworks-${CONFIGURATION}-output-files.xcfilelist",
			);
			runOnlyForDeploymentPostprocessing = 0;
			shellPath = /bin/sh;
			shellScript = "\"${PODS_ROOT}/Target Support Files/Pods-SafeArea/Pods-SafeArea-frameworks.sh\"\n";
			showEnvVarsInLog = 0;
		};
/* End PBXShellScriptBuildPhase section */

/* Begin PBXSourcesBuildPhase section */
		786C23FD2A403BAC002E3F23 /* Sources */ = {
			isa = PBXSourcesBuildPhase;
			buildActionMask = 2147483647;
			files = (
				5E84753C2A46C72B008A4BBF /* MarkerInfoView.swift in Sources */,
				783C92CF2A41CF4C00646999 /* CheckboxStyle.swift in Sources */,
				5EFF36E42A41C34A004C768A /* GuideDetailView_2.swift in Sources */,
				5E5361CE2A4048CF00BEDD8D /* ZscodeData.swift in Sources */,
				5E8D42F62A419499000987E1 /* MessageComposeView.swift in Sources */,
				5EFF36F62A441BE6004C768A /* ChargingStationAnnotationModel.swift in Sources */,
				783C92D52A41CFF400646999 /* WeekStore.swift in Sources */,
				5E5361CC2A4048A700BEDD8D /* ChargingStationModel.swift in Sources */,
				5EFF36EC2A42E995004C768A /* MainMapTopDescriptionView_2.swift in Sources */,
				7826DD222A4321D900DD0AF1 /* PlaceAnnotationView.swift in Sources */,
				786C24072A403BAC002E3F23 /* ContentView.swift in Sources */,
				5EFF36EE2A42E9A8004C768A /* MainMapTopDescriptionView_3.swift in Sources */,
				783A42D92A41E5C30060F2ED /* DBHelper.swift in Sources */,
				5EFF36F42A42F800004C768A /* EmergencyButtonView.swift in Sources */,
				78ED04ED2A40848D009FD225 /* Weather.swift in Sources */,
				783C92C52A4190E900646999 /* FontExtension.swift in Sources */,
				5E8362E72A47D4160098B526 /* OnboardingIndicator.swift in Sources */,
				783C92B92A41870900646999 /* ColorExtension.swift in Sources */,
				783C92D72A41D02C00646999 /* CustomWeekHeader.swift in Sources */,
				5EFF36EA2A42E978004C768A /* MainMapTopDescriptionView_1.swift in Sources */,
				5EFF36E62A41C355004C768A /* GuideDetailView_3.swift in Sources */,
				5E5361D32A404A5800BEDD8D /* CoordinateToZscodeManager.swift in Sources */,
				783C92B52A41741900646999 /* CustomBottomTabView.swift in Sources */,
				5E8D42FA2A41C081000987E1 /* GuideSelectButtonView.swift in Sources */,
				783C92C92A419FFF00646999 /* MainGuideView.swift in Sources */,
				5E8D42F82A41B8F7000987E1 /* GuidePageTabView.swift in Sources */,
				783C92B72A41760300646999 /* RoundedCorner.swift in Sources */,
				5EC0ADE02A47DC2A0035B571 /* OnboardingView.swift in Sources */,
				788388EC2A4B06C80071855C /* RegionWrapper.swift in Sources */,
				787C7BD12A409C080094A4A5 /* MapView.swift in Sources */,
				5EC0ADE82A47E94D0035B571 /* OnboardingButton.swift in Sources */,
				78ED04E52A4073D5009FD225 /* ViewExtension.swift in Sources */,
				786C24052A403BAC002E3F23 /* SafeAreaApp.swift in Sources */,
				5EFF36F02A42E9AD004C768A /* MainMapTopDescriptionView_4.swift in Sources */,
				783C92CB2A41A00800646999 /* MainCheckListView.swift in Sources */,
				5EC0ADEA2A47EE7F0035B571 /* MainApp.swift in Sources */,
				5EFF36E82A42D380004C768A /* MainMapTopView.swift in Sources */,
				783C92CD2A41B7E900646999 /* PretendardTextModifier.swift in Sources */,
				5E5361EF2A40929F00BEDD8D /* LocationViewModel.swift in Sources */,
				5EFF36E22A41C33A004C768A /* GuideDetailView_1.swift in Sources */,
				783A42DB2A41E7C50060F2ED /* CheckListModel.swift in Sources */,
				5E8D42DA2A418E16000987E1 /* ContentViewExtension.swift in Sources */,
				786046242A404AB7007897B3 /* BundleExtension.swift in Sources */,
				783C92C72A419FF500646999 /* MainMapView.swift in Sources */,
				5E5361D12A404A4800BEDD8D /* ChargeDataManager.swift in Sources */,
			);
			runOnlyForDeploymentPostprocessing = 0;
		};
/* End PBXSourcesBuildPhase section */

/* Begin XCBuildConfiguration section */
		786C240D2A403BAD002E3F23 /* Debug */ = {
			isa = XCBuildConfiguration;
			buildSettings = {
				ALWAYS_SEARCH_USER_PATHS = NO;
				CLANG_ANALYZER_NONNULL = YES;
				CLANG_ANALYZER_NUMBER_OBJECT_CONVERSION = YES_AGGRESSIVE;
				CLANG_CXX_LANGUAGE_STANDARD = "gnu++20";
				CLANG_ENABLE_MODULES = YES;
				CLANG_ENABLE_OBJC_ARC = YES;
				CLANG_ENABLE_OBJC_WEAK = YES;
				CLANG_WARN_BLOCK_CAPTURE_AUTORELEASING = YES;
				CLANG_WARN_BOOL_CONVERSION = YES;
				CLANG_WARN_COMMA = YES;
				CLANG_WARN_CONSTANT_CONVERSION = YES;
				CLANG_WARN_DEPRECATED_OBJC_IMPLEMENTATIONS = YES;
				CLANG_WARN_DIRECT_OBJC_ISA_USAGE = YES_ERROR;
				CLANG_WARN_DOCUMENTATION_COMMENTS = YES;
				CLANG_WARN_EMPTY_BODY = YES;
				CLANG_WARN_ENUM_CONVERSION = YES;
				CLANG_WARN_INFINITE_RECURSION = YES;
				CLANG_WARN_INT_CONVERSION = YES;
				CLANG_WARN_NON_LITERAL_NULL_CONVERSION = YES;
				CLANG_WARN_OBJC_IMPLICIT_RETAIN_SELF = YES;
				CLANG_WARN_OBJC_LITERAL_CONVERSION = YES;
				CLANG_WARN_OBJC_ROOT_CLASS = YES_ERROR;
				CLANG_WARN_QUOTED_INCLUDE_IN_FRAMEWORK_HEADER = YES;
				CLANG_WARN_RANGE_LOOP_ANALYSIS = YES;
				CLANG_WARN_STRICT_PROTOTYPES = YES;
				CLANG_WARN_SUSPICIOUS_MOVE = YES;
				CLANG_WARN_UNGUARDED_AVAILABILITY = YES_AGGRESSIVE;
				CLANG_WARN_UNREACHABLE_CODE = YES;
				CLANG_WARN__DUPLICATE_METHOD_MATCH = YES;
				COPY_PHASE_STRIP = NO;
				DEBUG_INFORMATION_FORMAT = dwarf;
				ENABLE_STRICT_OBJC_MSGSEND = YES;
				ENABLE_TESTABILITY = YES;
				GCC_C_LANGUAGE_STANDARD = gnu11;
				GCC_DYNAMIC_NO_PIC = NO;
				GCC_NO_COMMON_BLOCKS = YES;
				GCC_OPTIMIZATION_LEVEL = 0;
				GCC_PREPROCESSOR_DEFINITIONS = (
					"DEBUG=1",
					"$(inherited)",
				);
				GCC_WARN_64_TO_32_BIT_CONVERSION = YES;
				GCC_WARN_ABOUT_RETURN_TYPE = YES_ERROR;
				GCC_WARN_UNDECLARED_SELECTOR = YES;
				GCC_WARN_UNINITIALIZED_AUTOS = YES_AGGRESSIVE;
				GCC_WARN_UNUSED_FUNCTION = YES;
				GCC_WARN_UNUSED_VARIABLE = YES;
				IPHONEOS_DEPLOYMENT_TARGET = 16.4;
				MTL_ENABLE_DEBUG_INFO = INCLUDE_SOURCE;
				MTL_FAST_MATH = YES;
				ONLY_ACTIVE_ARCH = YES;
				SDKROOT = iphoneos;
				SWIFT_ACTIVE_COMPILATION_CONDITIONS = DEBUG;
				SWIFT_OPTIMIZATION_LEVEL = "-Onone";
			};
			name = Debug;
		};
		786C240E2A403BAD002E3F23 /* Release */ = {
			isa = XCBuildConfiguration;
			buildSettings = {
				ALWAYS_SEARCH_USER_PATHS = NO;
				CLANG_ANALYZER_NONNULL = YES;
				CLANG_ANALYZER_NUMBER_OBJECT_CONVERSION = YES_AGGRESSIVE;
				CLANG_CXX_LANGUAGE_STANDARD = "gnu++20";
				CLANG_ENABLE_MODULES = YES;
				CLANG_ENABLE_OBJC_ARC = YES;
				CLANG_ENABLE_OBJC_WEAK = YES;
				CLANG_WARN_BLOCK_CAPTURE_AUTORELEASING = YES;
				CLANG_WARN_BOOL_CONVERSION = YES;
				CLANG_WARN_COMMA = YES;
				CLANG_WARN_CONSTANT_CONVERSION = YES;
				CLANG_WARN_DEPRECATED_OBJC_IMPLEMENTATIONS = YES;
				CLANG_WARN_DIRECT_OBJC_ISA_USAGE = YES_ERROR;
				CLANG_WARN_DOCUMENTATION_COMMENTS = YES;
				CLANG_WARN_EMPTY_BODY = YES;
				CLANG_WARN_ENUM_CONVERSION = YES;
				CLANG_WARN_INFINITE_RECURSION = YES;
				CLANG_WARN_INT_CONVERSION = YES;
				CLANG_WARN_NON_LITERAL_NULL_CONVERSION = YES;
				CLANG_WARN_OBJC_IMPLICIT_RETAIN_SELF = YES;
				CLANG_WARN_OBJC_LITERAL_CONVERSION = YES;
				CLANG_WARN_OBJC_ROOT_CLASS = YES_ERROR;
				CLANG_WARN_QUOTED_INCLUDE_IN_FRAMEWORK_HEADER = YES;
				CLANG_WARN_RANGE_LOOP_ANALYSIS = YES;
				CLANG_WARN_STRICT_PROTOTYPES = YES;
				CLANG_WARN_SUSPICIOUS_MOVE = YES;
				CLANG_WARN_UNGUARDED_AVAILABILITY = YES_AGGRESSIVE;
				CLANG_WARN_UNREACHABLE_CODE = YES;
				CLANG_WARN__DUPLICATE_METHOD_MATCH = YES;
				COPY_PHASE_STRIP = NO;
				DEBUG_INFORMATION_FORMAT = "dwarf-with-dsym";
				ENABLE_NS_ASSERTIONS = NO;
				ENABLE_STRICT_OBJC_MSGSEND = YES;
				GCC_C_LANGUAGE_STANDARD = gnu11;
				GCC_NO_COMMON_BLOCKS = YES;
				GCC_WARN_64_TO_32_BIT_CONVERSION = YES;
				GCC_WARN_ABOUT_RETURN_TYPE = YES_ERROR;
				GCC_WARN_UNDECLARED_SELECTOR = YES;
				GCC_WARN_UNINITIALIZED_AUTOS = YES_AGGRESSIVE;
				GCC_WARN_UNUSED_FUNCTION = YES;
				GCC_WARN_UNUSED_VARIABLE = YES;
				IPHONEOS_DEPLOYMENT_TARGET = 16.4;
				MTL_ENABLE_DEBUG_INFO = NO;
				MTL_FAST_MATH = YES;
				SDKROOT = iphoneos;
				SWIFT_COMPILATION_MODE = wholemodule;
				SWIFT_OPTIMIZATION_LEVEL = "-O";
				VALIDATE_PRODUCT = YES;
			};
			name = Release;
		};
		786C24102A403BAD002E3F23 /* Debug */ = {
			isa = XCBuildConfiguration;
			baseConfigurationReference = 282F5508BCF950633DFCBC2F /* Pods-SafeArea.debug.xcconfig */;
			buildSettings = {
				ASSETCATALOG_COMPILER_APPICON_NAME = AppIcon;
				ASSETCATALOG_COMPILER_GLOBAL_ACCENT_COLOR_NAME = AccentColor;
				CODE_SIGN_STYLE = Automatic;
				CURRENT_PROJECT_VERSION = 1;
				DEVELOPMENT_ASSET_PATHS = "\"SafeArea/Preview Content\"";
				DEVELOPMENT_TEAM = UG6UT639QH;
				ENABLE_PREVIEWS = YES;
				GENERATE_INFOPLIST_FILE = YES;
				INFOPLIST_FILE = SafeArea/Info.plist;
				INFOPLIST_KEY_LSApplicationCategoryType = "";
				INFOPLIST_KEY_NSLocationAlwaysAndWhenInUseUsageDescription = "We want to track you and stuff.";
				INFOPLIST_KEY_NSLocationWhenInUseUsageDescription = "We want to track you and stuff.";
				INFOPLIST_KEY_UIApplicationSceneManifest_Generation = YES;
				INFOPLIST_KEY_UIApplicationSupportsIndirectInputEvents = YES;
				INFOPLIST_KEY_UILaunchScreen_Generation = YES;
				INFOPLIST_KEY_UISupportedInterfaceOrientations = UIInterfaceOrientationPortrait;
				INFOPLIST_KEY_UIUserInterfaceStyle = Light;
				LD_RUNPATH_SEARCH_PATHS = (
					"$(inherited)",
					"@executable_path/Frameworks",
				);
				MARKETING_VERSION = 1.0;
				PRODUCT_BUNDLE_IDENTIFIER = dayjack.SafeArea;
				PRODUCT_NAME = "$(TARGET_NAME)";
				SWIFT_EMIT_LOC_STRINGS = YES;
				SWIFT_VERSION = 5.0;
				TARGETED_DEVICE_FAMILY = "1,2";
			};
			name = Debug;
		};
		786C24112A403BAD002E3F23 /* Release */ = {
			isa = XCBuildConfiguration;
			baseConfigurationReference = 695352883E3F02E1DAC44F26 /* Pods-SafeArea.release.xcconfig */;
			buildSettings = {
				ASSETCATALOG_COMPILER_APPICON_NAME = AppIcon;
				ASSETCATALOG_COMPILER_GLOBAL_ACCENT_COLOR_NAME = AccentColor;
				CODE_SIGN_STYLE = Automatic;
				CURRENT_PROJECT_VERSION = 1;
				DEVELOPMENT_ASSET_PATHS = "\"SafeArea/Preview Content\"";
				DEVELOPMENT_TEAM = C3U3CZ666D;
				ENABLE_PREVIEWS = YES;
				GENERATE_INFOPLIST_FILE = YES;
				INFOPLIST_FILE = SafeArea/Info.plist;
				INFOPLIST_KEY_LSApplicationCategoryType = "";
				INFOPLIST_KEY_NSLocationAlwaysAndWhenInUseUsageDescription = "We want to track you and stuff.";
				INFOPLIST_KEY_NSLocationWhenInUseUsageDescription = "We want to track you and stuff.";
				INFOPLIST_KEY_UIApplicationSceneManifest_Generation = YES;
				INFOPLIST_KEY_UIApplicationSupportsIndirectInputEvents = YES;
				INFOPLIST_KEY_UILaunchScreen_Generation = YES;
				INFOPLIST_KEY_UISupportedInterfaceOrientations = UIInterfaceOrientationPortrait;
				INFOPLIST_KEY_UIUserInterfaceStyle = Light;
				LD_RUNPATH_SEARCH_PATHS = (
					"$(inherited)",
					"@executable_path/Frameworks",
				);
				MARKETING_VERSION = 1.0;
				PRODUCT_BUNDLE_IDENTIFIER = dayjack.SafeArea;
				PRODUCT_NAME = "$(TARGET_NAME)";
				SWIFT_EMIT_LOC_STRINGS = YES;
				SWIFT_VERSION = 5.0;
				TARGETED_DEVICE_FAMILY = "1,2";
			};
			name = Release;
		};
/* End XCBuildConfiguration section */

/* Begin XCConfigurationList section */
		786C23FC2A403BAC002E3F23 /* Build configuration list for PBXProject "SafeArea" */ = {
			isa = XCConfigurationList;
			buildConfigurations = (
				786C240D2A403BAD002E3F23 /* Debug */,
				786C240E2A403BAD002E3F23 /* Release */,
			);
			defaultConfigurationIsVisible = 0;
			defaultConfigurationName = Release;
		};
		786C240F2A403BAD002E3F23 /* Build configuration list for PBXNativeTarget "SafeArea" */ = {
			isa = XCConfigurationList;
			buildConfigurations = (
				786C24102A403BAD002E3F23 /* Debug */,
				786C24112A403BAD002E3F23 /* Release */,
			);
			defaultConfigurationIsVisible = 0;
			defaultConfigurationName = Release;
		};
/* End XCConfigurationList section */

/* Begin XCRemoteSwiftPackageReference section */
		78E0C5E32A446F2400A91AB1 /* XCRemoteSwiftPackageReference "swiftui-bottom-sheet-drawer" */ = {
			isa = XCRemoteSwiftPackageReference;
			repositoryURL = "https://github.com/The-Igor/swiftui-bottom-sheet-drawer.git";
			requirement = {
				branch = main;
				kind = branch;
			};
		};
/* End XCRemoteSwiftPackageReference section */

/* Begin XCSwiftPackageProductDependency section */
		78E0C5E42A446F2400A91AB1 /* swiftui-bottom-sheet-drawer */ = {
			isa = XCSwiftPackageProductDependency;
			package = 78E0C5E32A446F2400A91AB1 /* XCRemoteSwiftPackageReference "swiftui-bottom-sheet-drawer" */;
			productName = "swiftui-bottom-sheet-drawer";
		};
/* End XCSwiftPackageProductDependency section */
	};
	rootObject = 786C23F92A403BAC002E3F23 /* Project object */;
}
